
Microsoft Visual Studio Solution File, Format Version 12.00
# Visual Studio Version 17
VisualStudioVersion = 17.9.34728.123
MinimumVisualStudioVersion = 10.0.40219.1
Project("{FAE04EC0-301F-11D3-BF4B-00C04F79EFBC}") = "CSharpPlaywrightDemoTests", "CSharpPlaywrightDemoTests\CSharpPlaywrightDemoTests.csproj", "{D42ED5BF-57E8-48FA-BA27-40B9E213416E}"
EndProject
Global
	GlobalSection(SolutionConfigurationPlatforms) = preSolution
		Debug|Any CPU = Debug|Any CPU
		Release|Any CPU = Release|Any CPU
	EndGlobalSection
	GlobalSection(ProjectConfigurationPlatforms) = postSolution
		{D42ED5BF-57E8-48FA-BA27-40B9E213416E}.Debug|Any CPU.ActiveCfg = Debug|Any CPU
		{D42ED5BF-57E8-48FA-BA27-40B9E213416E}.Debug|Any CPU.Build.0 = Debug|Any CPU
		{D42ED5BF-57E8-48FA-BA27-40B9E213416E}.Release|Any CPU.ActiveCfg = Release|Any CPU
		{D42ED5BF-57E8-48FA-BA27-40B9E213416E}.Release|Any CPU.Build.0 = Release|Any CPU
	EndGlobalSection
	GlobalSection(SolutionProperties) = preSolution
		HideSolutionNode = FALSE
	EndGlobalSection
	GlobalSection(ExtensibilityGlobals) = postSolution
		SolutionGuid = {D9334C92-8FB5-402F-8AD3-CC36816F13E0}
	EndGlobalSection
EndGlobal
